version: 2.0
shards:
  chem:
    git: https://github.com/franciscoadasme/chem.cr.git
    version: 0.6.0+git.commit.b050efe5b445b1f49c11d603285cc0acf23533dd

  hclust:
    git: https://github.com/franciscoadasme/hclust.git
    version: 1.0.0+git.commit.acf28efaa999c91cd2cb222b4b7283588f3a71d0

  mm:
    git: https://github.com/franciscoadasme/mm.git
    version: 0.1.0+git.commit.24425b36dd870a7c379d730f779f1bcacb178a4e

  views:
    git: https://github.com/franciscoadasme/views.git
    version: 0.1.0+git.commit.0fdfef2d91ad7cb32dc98651168472f9f9a762ce

